
Microsoft Visual Studio Solution File, Format Version 12.00
# Visual Studio Version 18
VisualStudioVersion = 18.0.11012.119 d18.0
MinimumVisualStudioVersion = 10.0.40219.1
Project("{2150E333-8FDC-42A3-9474-1A3956D46DE8}") = "src", "src", "{686F1702-0A4A-488D-99D7-23968C4806E2}"
EndProject
Project("{2150E333-8FDC-42A3-9474-1A3956D46DE8}") = "tests", "tests", "{A0B5F24D-8A46-4FE7-AF23-EB228F9FD20A}"
EndProject
Project("{2150E333-8FDC-42A3-9474-1A3956D46DE8}") = "Solution Items", "Solution Items", "{44D0B34B-E333-495B-B874-C07166EC6E38}"
	ProjectSection(SolutionItems) = preProject
		.dockerignore = .dockerignore
		.editorconfig = .editorconfig
		.gitignore = .gitignore
		Dockerfile = Dockerfile
		README.md = README.md
	EndProjectSection
EndProject
Project("{9A19103F-16F7-4668-BE54-9A1E7A4F7556}") = "Application", "src\Application\Application.csproj", "{BE607164-63B4-4F2E-BED5-69FD4F1692AA}"
EndProject
Project("{9A19103F-16F7-4668-BE54-9A1E7A4F7556}") = "Domain", "src\Domain\Domain.csproj", "{5D5481B9-9C10-4BC6-9A58-592515FB144F}"
EndProject
Project("{9A19103F-16F7-4668-BE54-9A1E7A4F7556}") = "Presentation", "src\Presentation\Presentation.csproj", "{9C5218F1-BDD3-480C-B0D1-49D264C714BD}"
EndProject
Project("{9A19103F-16F7-4668-BE54-9A1E7A4F7556}") = "GrpcApp", "src\GrpcApp\GrpcApp.csproj", "{CD5B6AD9-2248-43E3-B766-F41EE6634BD0}"
EndProject
Project("{9A19103F-16F7-4668-BE54-9A1E7A4F7556}") = "ArchitectureTests", "tests\ArchitectureTests\ArchitectureTests.csproj", "{B06BCF89-2243-46D7-9D36-448BFA6CA915}"
EndProject
Project("{9A19103F-16F7-4668-BE54-9A1E7A4F7556}") = "Infrastructure", "src\Infrastructure\Infrastructure.csproj", "{ECF6332A-3C58-4313-A48F-53423B83741E}"
EndProject
Global
	GlobalSection(SolutionConfigurationPlatforms) = preSolution
		Debug|Any CPU = Debug|Any CPU
		Release|Any CPU = Release|Any CPU
	EndGlobalSection
	GlobalSection(ProjectConfigurationPlatforms) = postSolution
		{BE607164-63B4-4F2E-BED5-69FD4F1692AA}.Debug|Any CPU.ActiveCfg = Debug|Any CPU
		{BE607164-63B4-4F2E-BED5-69FD4F1692AA}.Debug|Any CPU.Build.0 = Debug|Any CPU
		{BE607164-63B4-4F2E-BED5-69FD4F1692AA}.Release|Any CPU.ActiveCfg = Release|Any CPU
		{BE607164-63B4-4F2E-BED5-69FD4F1692AA}.Release|Any CPU.Build.0 = Release|Any CPU
		{5D5481B9-9C10-4BC6-9A58-592515FB144F}.Debug|Any CPU.ActiveCfg = Debug|Any CPU
		{5D5481B9-9C10-4BC6-9A58-592515FB144F}.Debug|Any CPU.Build.0 = Debug|Any CPU
		{5D5481B9-9C10-4BC6-9A58-592515FB144F}.Release|Any CPU.ActiveCfg = Release|Any CPU
		{5D5481B9-9C10-4BC6-9A58-592515FB144F}.Release|Any CPU.Build.0 = Release|Any CPU
		{9C5218F1-BDD3-480C-B0D1-49D264C714BD}.Debug|Any CPU.ActiveCfg = Debug|Any CPU
		{9C5218F1-BDD3-480C-B0D1-49D264C714BD}.Debug|Any CPU.Build.0 = Debug|Any CPU
		{9C5218F1-BDD3-480C-B0D1-49D264C714BD}.Release|Any CPU.ActiveCfg = Release|Any CPU
		{9C5218F1-BDD3-480C-B0D1-49D264C714BD}.Release|Any CPU.Build.0 = Release|Any CPU
		{CD5B6AD9-2248-43E3-B766-F41EE6634BD0}.Debug|Any CPU.ActiveCfg = Debug|Any CPU
		{CD5B6AD9-2248-43E3-B766-F41EE6634BD0}.Debug|Any CPU.Build.0 = Debug|Any CPU
		{CD5B6AD9-2248-43E3-B766-F41EE6634BD0}.Release|Any CPU.ActiveCfg = Release|Any CPU
		{CD5B6AD9-2248-43E3-B766-F41EE6634BD0}.Release|Any CPU.Build.0 = Release|Any CPU
		{B06BCF89-2243-46D7-9D36-448BFA6CA915}.Debug|Any CPU.ActiveCfg = Debug|Any CPU
		{B06BCF89-2243-46D7-9D36-448BFA6CA915}.Debug|Any CPU.Build.0 = Debug|Any CPU
		{B06BCF89-2243-46D7-9D36-448BFA6CA915}.Release|Any CPU.ActiveCfg = Release|Any CPU
		{B06BCF89-2243-46D7-9D36-448BFA6CA915}.Release|Any CPU.Build.0 = Release|Any CPU
		{ECF6332A-3C58-4313-A48F-53423B83741E}.Debug|Any CPU.ActiveCfg = Debug|Any CPU
		{ECF6332A-3C58-4313-A48F-53423B83741E}.Debug|Any CPU.Build.0 = Debug|Any CPU
		{ECF6332A-3C58-4313-A48F-53423B83741E}.Release|Any CPU.ActiveCfg = Release|Any CPU
		{ECF6332A-3C58-4313-A48F-53423B83741E}.Release|Any CPU.Build.0 = Release|Any CPU
	EndGlobalSection
	GlobalSection(SolutionProperties) = preSolution
		HideSolutionNode = FALSE
	EndGlobalSection
	GlobalSection(NestedProjects) = preSolution
		{BE607164-63B4-4F2E-BED5-69FD4F1692AA} = {686F1702-0A4A-488D-99D7-23968C4806E2}
		{5D5481B9-9C10-4BC6-9A58-592515FB144F} = {686F1702-0A4A-488D-99D7-23968C4806E2}
		{9C5218F1-BDD3-480C-B0D1-49D264C714BD} = {686F1702-0A4A-488D-99D7-23968C4806E2}
		{CD5B6AD9-2248-43E3-B766-F41EE6634BD0} = {686F1702-0A4A-488D-99D7-23968C4806E2}
		{B06BCF89-2243-46D7-9D36-448BFA6CA915} = {A0B5F24D-8A46-4FE7-AF23-EB228F9FD20A}
		{ECF6332A-3C58-4313-A48F-53423B83741E} = {686F1702-0A4A-488D-99D7-23968C4806E2}
	EndGlobalSection
	GlobalSection(ExtensibilityGlobals) = postSolution
		SolutionGuid = {BEE9B525-471D-4BDB-B1CC-9DF1E4947B2D}
	EndGlobalSection
EndGlobal
